
Microsoft Visual Studio Solution File, Format Version 12.00
# Visual Studio Version 16
VisualStudioVersion = 16.0.30621.155
MinimumVisualStudioVersion = 10.0.40219.1
Project("{FAE04EC0-301F-11D3-BF4B-00C04F79EFBC}") = "PaySis.Server", "PaySis\Server\PaySis.Server.csproj", "{A816A8AF-DA9A-4572-BAA8-033C0BE1F825}"
EndProject
Project("{FAE04EC0-301F-11D3-BF4B-00C04F79EFBC}") = "PaySis.Client", "PaySis\Client\PaySis.Client.csproj", "{5D651BD5-66EF-482F-9410-71385B04DAE1}"
EndProject
Project("{FAE04EC0-301F-11D3-BF4B-00C04F79EFBC}") = "PaySis.Shared", "PaySis\Shared\PaySis.Shared.csproj", "{529A214E-F3E1-4ACC-A0DB-DA9A3801AFB3}"
EndProject
Global
	GlobalSection(SolutionConfigurationPlatforms) = preSolution
		Debug|Any CPU = Debug|Any CPU
		Release|Any CPU = Release|Any CPU
	EndGlobalSection
	GlobalSection(ProjectConfigurationPlatforms) = postSolution
		{A816A8AF-DA9A-4572-BAA8-033C0BE1F825}.Debug|Any CPU.ActiveCfg = Debug|Any CPU
		{A816A8AF-DA9A-4572-BAA8-033C0BE1F825}.Debug|Any CPU.Build.0 = Debug|Any CPU
		{A816A8AF-DA9A-4572-BAA8-033C0BE1F825}.Release|Any CPU.ActiveCfg = Release|Any CPU
		{A816A8AF-DA9A-4572-BAA8-033C0BE1F825}.Release|Any CPU.Build.0 = Release|Any CPU
		{5D651BD5-66EF-482F-9410-71385B04DAE1}.Debug|Any CPU.ActiveCfg = Debug|Any CPU
		{5D651BD5-66EF-482F-9410-71385B04DAE1}.Debug|Any CPU.Build.0 = Debug|Any CPU
		{5D651BD5-66EF-482F-9410-71385B04DAE1}.Release|Any CPU.ActiveCfg = Release|Any CPU
		{5D651BD5-66EF-482F-9410-71385B04DAE1}.Release|Any CPU.Build.0 = Release|Any CPU
		{529A214E-F3E1-4ACC-A0DB-DA9A3801AFB3}.Debug|Any CPU.ActiveCfg = Debug|Any CPU
		{529A214E-F3E1-4ACC-A0DB-DA9A3801AFB3}.Debug|Any CPU.Build.0 = Debug|Any CPU
		{529A214E-F3E1-4ACC-A0DB-DA9A3801AFB3}.Release|Any CPU.ActiveCfg = Release|Any CPU
		{529A214E-F3E1-4ACC-A0DB-DA9A3801AFB3}.Release|Any CPU.Build.0 = Release|Any CPU
	EndGlobalSection
	GlobalSection(SolutionProperties) = preSolution
		HideSolutionNode = FALSE
	EndGlobalSection
	GlobalSection(ExtensibilityGlobals) = postSolution
		SolutionGuid = {6A340458-9BBF-4AB3-9A69-13E14004C2B1}
	EndGlobalSection
EndGlobal
